
Microsoft Visual Studio Solution File, Format Version 12.00
# Visual Studio Version 17
VisualStudioVersion = 17.0.31903.59
MinimumVisualStudioVersion = 10.0.40219.1
Project("{FAE04EC0-301F-11D3-BF4B-00C04F79EFBC}") = "projectpertama", "projectpertama\projectpertama.csproj", "{C40AD833-237B-4234-864E-2D10DA8EABFC}"
EndProject
Project("{2150E333-8FDC-42A3-9474-1A3956D46DE8}") = "day1", "day1", "{F25490FC-14CB-49F3-850E-52312459152B}"
EndProject
Project("{FAE04EC0-301F-11D3-BF4B-00C04F79EFBC}") = "projectkedua", "projectkedua\projectkedua.csproj", "{777B0843-826B-4E0C-A707-B2995DDB1DD0}"
EndProject
Project("{FAE04EC0-301F-11D3-BF4B-00C04F79EFBC}") = "projectketiga", "projectketiga\projectketiga.csproj", "{4973D8CF-7C0E-44FD-BDBA-7C3226300A28}"
EndProject
Project("{FAE04EC0-301F-11D3-BF4B-00C04F79EFBC}") = "projectempat", "projectempat\projectempat.csproj", "{4186AEB8-408C-4584-A218-25D5E3049EA0}"
EndProject
Project("{2150E333-8FDC-42A3-9474-1A3956D46DE8}") = "Day2", "Day2", "{C51697C1-C70B-4B72-9110-0BD1D296A167}"
EndProject
Project("{2150E333-8FDC-42A3-9474-1A3956D46DE8}") = "Day3", "Day3", "{7EB8B97D-5946-45C0-B292-9859DC43BC74}"
EndProject
Project("{FAE04EC0-301F-11D3-BF4B-00C04F79EFBC}") = "Day3_Project1", "Day3_Project1\Day3_Project1.csproj", "{F06ABB58-C18B-4EF1-8662-3F72F10CE39A}"
EndProject
Project("{FAE04EC0-301F-11D3-BF4B-00C04F79EFBC}") = "Day3_Project2", "Day3_Project2\Day3_Project2.csproj", "{4363DAD2-5E67-4516-9478-AEE3876F3500}"
EndProject
Project("{FAE04EC0-301F-11D3-BF4B-00C04F79EFBC}") = "Day3_Project3", "Day3_Project3\Day3_Project3.csproj", "{BD0A53B0-AE40-4E7D-83AC-9691A6D5C5DF}"
EndProject
Project("{FAE04EC0-301F-11D3-BF4B-00C04F79EFBC}") = "Day3_Project4", "Day3_Project4\Day3_Project4.csproj", "{F15C791A-53DC-4089-A117-0751A500947F}"
EndProject
Project("{FAE04EC0-301F-11D3-BF4B-00C04F79EFBC}") = "Day3_Project5", "Day3_Project5\Day3_Project5.csproj", "{7C74DDE5-0ADD-4675-ACC9-58700A86798C}"
EndProject
Project("{FAE04EC0-301F-11D3-BF4B-00C04F79EFBC}") = "Day3_Project6", "Day3_Project6\Day3_Project6.csproj", "{52662F58-C2E6-45AC-926C-5F9DFBA4AD04}"
EndProject
Project("{2150E333-8FDC-42A3-9474-1A3956D46DE8}") = "Day4", "Day4", "{8E1C4A73-8F6D-4378-BCC7-E38DA5AF1ED0}"
EndProject
Project("{FAE04EC0-301F-11D3-BF4B-00C04F79EFBC}") = "Day4_Project1", "Day4_Project1\Day4_Project1.csproj", "{115F333D-4EB4-442F-9A86-B4ACBF198BCA}"
EndProject
Project("{FAE04EC0-301F-11D3-BF4B-00C04F79EFBC}") = "Day4_Project2", "Day4_Project2\Day4_Project2.csproj", "{9662FF6A-5F01-4B93-AEE4-FCF445C18ED3}"
EndProject
Project("{FAE04EC0-301F-11D3-BF4B-00C04F79EFBC}") = "Day5_Project1", "Day5_Project1\Day5_Project1.csproj", "{07071CFA-B08E-4D5F-8861-08AF8C9B1F11}"
EndProject
Project("{2150E333-8FDC-42A3-9474-1A3956D46DE8}") = "Day5", "Day5", "{BB7435FE-CA1A-445C-B067-4FFF5ECDAD10}"
EndProject
Project("{FAE04EC0-301F-11D3-BF4B-00C04F79EFBC}") = "Day5_Project2", "Day5_Project2\Day5_Project2.csproj", "{853963A0-81F7-44E3-A4DB-C7ED767F16B1}"
EndProject
Project("{FAE04EC0-301F-11D3-BF4B-00C04F79EFBC}") = "Day5_Project3", "Day5_Project3\Day5_Project3.csproj", "{D924F5A8-0905-4FAE-AA57-5C23F9095FFB}"
EndProject
Project("{FAE04EC0-301F-11D3-BF4B-00C04F79EFBC}") = "Day5_Latihan1", "Day5_Latihan1\Day5_Latihan1.csproj", "{DDA4EB6F-F396-4DE1-A7DB-827516417428}"
EndProject
Project("{2150E333-8FDC-42A3-9474-1A3956D46DE8}") = "Day6", "Day6", "{0C0CEDE4-B498-47D3-988C-E1A58EC62451}"
EndProject
Project("{FAE04EC0-301F-11D3-BF4B-00C04F79EFBC}") = "Day6_Project1", "Day6_Project1\Day6_Project1.csproj", "{B9552A9D-2693-422E-A11E-B8A2E02C198D}"
EndProject
Project("{FAE04EC0-301F-11D3-BF4B-00C04F79EFBC}") = "Day6_Project2", "Day6_Project2\Day6_Project2.csproj", "{2D9D35A8-8458-4802-A20B-6FA7AFD051E1}"
EndProject
Project("{FAE04EC0-301F-11D3-BF4B-00C04F79EFBC}") = "Day6_Project3", "Day6_Project3\Day6_Project3.csproj", "{80DF0263-B147-4126-B9EB-D0F5F66E724D}"
EndProject
Project("{FAE04EC0-301F-11D3-BF4B-00C04F79EFBC}") = "Day6_Project4", "Da6_Project4\Day6_Project4.csproj", "{8B266E44-AC75-4326-AE84-1D0966447E2B}"
EndProject
Project("{FAE04EC0-301F-11D3-BF4B-00C04F79EFBC}") = "Day6_Project4", "Day6_Project4\Day6_Project4.csproj", "{4F64C4C9-6CF9-4D40-82D9-1E111F440175}"
EndProject
Global
	GlobalSection(SolutionConfigurationPlatforms) = preSolution
		Debug|Any CPU = Debug|Any CPU
		Release|Any CPU = Release|Any CPU
	EndGlobalSection
	GlobalSection(SolutionProperties) = preSolution
		HideSolutionNode = FALSE
	EndGlobalSection
	GlobalSection(ProjectConfigurationPlatforms) = postSolution
		{C40AD833-237B-4234-864E-2D10DA8EABFC}.Debug|Any CPU.ActiveCfg = Debug|Any CPU
		{C40AD833-237B-4234-864E-2D10DA8EABFC}.Debug|Any CPU.Build.0 = Debug|Any CPU
		{C40AD833-237B-4234-864E-2D10DA8EABFC}.Release|Any CPU.ActiveCfg = Release|Any CPU
		{C40AD833-237B-4234-864E-2D10DA8EABFC}.Release|Any CPU.Build.0 = Release|Any CPU
		{777B0843-826B-4E0C-A707-B2995DDB1DD0}.Debug|Any CPU.ActiveCfg = Debug|Any CPU
		{777B0843-826B-4E0C-A707-B2995DDB1DD0}.Debug|Any CPU.Build.0 = Debug|Any CPU
		{777B0843-826B-4E0C-A707-B2995DDB1DD0}.Release|Any CPU.ActiveCfg = Release|Any CPU
		{777B0843-826B-4E0C-A707-B2995DDB1DD0}.Release|Any CPU.Build.0 = Release|Any CPU
		{4973D8CF-7C0E-44FD-BDBA-7C3226300A28}.Debug|Any CPU.ActiveCfg = Debug|Any CPU
		{4973D8CF-7C0E-44FD-BDBA-7C3226300A28}.Debug|Any CPU.Build.0 = Debug|Any CPU
		{4973D8CF-7C0E-44FD-BDBA-7C3226300A28}.Release|Any CPU.ActiveCfg = Release|Any CPU
		{4973D8CF-7C0E-44FD-BDBA-7C3226300A28}.Release|Any CPU.Build.0 = Release|Any CPU
		{4186AEB8-408C-4584-A218-25D5E3049EA0}.Debug|Any CPU.ActiveCfg = Debug|Any CPU
		{4186AEB8-408C-4584-A218-25D5E3049EA0}.Debug|Any CPU.Build.0 = Debug|Any CPU
		{4186AEB8-408C-4584-A218-25D5E3049EA0}.Release|Any CPU.ActiveCfg = Release|Any CPU
		{4186AEB8-408C-4584-A218-25D5E3049EA0}.Release|Any CPU.Build.0 = Release|Any CPU
		{F06ABB58-C18B-4EF1-8662-3F72F10CE39A}.Debug|Any CPU.ActiveCfg = Debug|Any CPU
		{F06ABB58-C18B-4EF1-8662-3F72F10CE39A}.Debug|Any CPU.Build.0 = Debug|Any CPU
		{F06ABB58-C18B-4EF1-8662-3F72F10CE39A}.Release|Any CPU.ActiveCfg = Release|Any CPU
		{F06ABB58-C18B-4EF1-8662-3F72F10CE39A}.Release|Any CPU.Build.0 = Release|Any CPU
		{4363DAD2-5E67-4516-9478-AEE3876F3500}.Debug|Any CPU.ActiveCfg = Debug|Any CPU
		{4363DAD2-5E67-4516-9478-AEE3876F3500}.Debug|Any CPU.Build.0 = Debug|Any CPU
		{4363DAD2-5E67-4516-9478-AEE3876F3500}.Release|Any CPU.ActiveCfg = Release|Any CPU
		{4363DAD2-5E67-4516-9478-AEE3876F3500}.Release|Any CPU.Build.0 = Release|Any CPU
		{BD0A53B0-AE40-4E7D-83AC-9691A6D5C5DF}.Debug|Any CPU.ActiveCfg = Debug|Any CPU
		{BD0A53B0-AE40-4E7D-83AC-9691A6D5C5DF}.Debug|Any CPU.Build.0 = Debug|Any CPU
		{BD0A53B0-AE40-4E7D-83AC-9691A6D5C5DF}.Release|Any CPU.ActiveCfg = Release|Any CPU
		{BD0A53B0-AE40-4E7D-83AC-9691A6D5C5DF}.Release|Any CPU.Build.0 = Release|Any CPU
		{F15C791A-53DC-4089-A117-0751A500947F}.Debug|Any CPU.ActiveCfg = Debug|Any CPU
		{F15C791A-53DC-4089-A117-0751A500947F}.Debug|Any CPU.Build.0 = Debug|Any CPU
		{F15C791A-53DC-4089-A117-0751A500947F}.Release|Any CPU.ActiveCfg = Release|Any CPU
		{F15C791A-53DC-4089-A117-0751A500947F}.Release|Any CPU.Build.0 = Release|Any CPU
		{7C74DDE5-0ADD-4675-ACC9-58700A86798C}.Debug|Any CPU.ActiveCfg = Debug|Any CPU
		{7C74DDE5-0ADD-4675-ACC9-58700A86798C}.Debug|Any CPU.Build.0 = Debug|Any CPU
		{7C74DDE5-0ADD-4675-ACC9-58700A86798C}.Release|Any CPU.ActiveCfg = Release|Any CPU
		{7C74DDE5-0ADD-4675-ACC9-58700A86798C}.Release|Any CPU.Build.0 = Release|Any CPU
		{52662F58-C2E6-45AC-926C-5F9DFBA4AD04}.Debug|Any CPU.ActiveCfg = Debug|Any CPU
		{52662F58-C2E6-45AC-926C-5F9DFBA4AD04}.Debug|Any CPU.Build.0 = Debug|Any CPU
		{52662F58-C2E6-45AC-926C-5F9DFBA4AD04}.Release|Any CPU.ActiveCfg = Release|Any CPU
		{52662F58-C2E6-45AC-926C-5F9DFBA4AD04}.Release|Any CPU.Build.0 = Release|Any CPU
		{115F333D-4EB4-442F-9A86-B4ACBF198BCA}.Debug|Any CPU.ActiveCfg = Debug|Any CPU
		{115F333D-4EB4-442F-9A86-B4ACBF198BCA}.Debug|Any CPU.Build.0 = Debug|Any CPU
		{115F333D-4EB4-442F-9A86-B4ACBF198BCA}.Release|Any CPU.ActiveCfg = Release|Any CPU
		{115F333D-4EB4-442F-9A86-B4ACBF198BCA}.Release|Any CPU.Build.0 = Release|Any CPU
		{9662FF6A-5F01-4B93-AEE4-FCF445C18ED3}.Debug|Any CPU.ActiveCfg = Debug|Any CPU
		{9662FF6A-5F01-4B93-AEE4-FCF445C18ED3}.Debug|Any CPU.Build.0 = Debug|Any CPU
		{9662FF6A-5F01-4B93-AEE4-FCF445C18ED3}.Release|Any CPU.ActiveCfg = Release|Any CPU
		{9662FF6A-5F01-4B93-AEE4-FCF445C18ED3}.Release|Any CPU.Build.0 = Release|Any CPU
		{07071CFA-B08E-4D5F-8861-08AF8C9B1F11}.Debug|Any CPU.ActiveCfg = Debug|Any CPU
		{07071CFA-B08E-4D5F-8861-08AF8C9B1F11}.Debug|Any CPU.Build.0 = Debug|Any CPU
		{07071CFA-B08E-4D5F-8861-08AF8C9B1F11}.Release|Any CPU.ActiveCfg = Release|Any CPU
		{07071CFA-B08E-4D5F-8861-08AF8C9B1F11}.Release|Any CPU.Build.0 = Release|Any CPU
		{853963A0-81F7-44E3-A4DB-C7ED767F16B1}.Debug|Any CPU.ActiveCfg = Debug|Any CPU
		{853963A0-81F7-44E3-A4DB-C7ED767F16B1}.Debug|Any CPU.Build.0 = Debug|Any CPU
		{853963A0-81F7-44E3-A4DB-C7ED767F16B1}.Release|Any CPU.ActiveCfg = Release|Any CPU
		{853963A0-81F7-44E3-A4DB-C7ED767F16B1}.Release|Any CPU.Build.0 = Release|Any CPU
		{D924F5A8-0905-4FAE-AA57-5C23F9095FFB}.Debug|Any CPU.ActiveCfg = Debug|Any CPU
		{D924F5A8-0905-4FAE-AA57-5C23F9095FFB}.Debug|Any CPU.Build.0 = Debug|Any CPU
		{D924F5A8-0905-4FAE-AA57-5C23F9095FFB}.Release|Any CPU.ActiveCfg = Release|Any CPU
		{D924F5A8-0905-4FAE-AA57-5C23F9095FFB}.Release|Any CPU.Build.0 = Release|Any CPU
		{DDA4EB6F-F396-4DE1-A7DB-827516417428}.Debug|Any CPU.ActiveCfg = Debug|Any CPU
		{DDA4EB6F-F396-4DE1-A7DB-827516417428}.Debug|Any CPU.Build.0 = Debug|Any CPU
		{DDA4EB6F-F396-4DE1-A7DB-827516417428}.Release|Any CPU.ActiveCfg = Release|Any CPU
		{DDA4EB6F-F396-4DE1-A7DB-827516417428}.Release|Any CPU.Build.0 = Release|Any CPU
		{B9552A9D-2693-422E-A11E-B8A2E02C198D}.Debug|Any CPU.ActiveCfg = Debug|Any CPU
		{B9552A9D-2693-422E-A11E-B8A2E02C198D}.Debug|Any CPU.Build.0 = Debug|Any CPU
		{B9552A9D-2693-422E-A11E-B8A2E02C198D}.Release|Any CPU.ActiveCfg = Release|Any CPU
		{B9552A9D-2693-422E-A11E-B8A2E02C198D}.Release|Any CPU.Build.0 = Release|Any CPU
		{2D9D35A8-8458-4802-A20B-6FA7AFD051E1}.Debug|Any CPU.ActiveCfg = Debug|Any CPU
		{2D9D35A8-8458-4802-A20B-6FA7AFD051E1}.Debug|Any CPU.Build.0 = Debug|Any CPU
		{2D9D35A8-8458-4802-A20B-6FA7AFD051E1}.Release|Any CPU.ActiveCfg = Release|Any CPU
		{2D9D35A8-8458-4802-A20B-6FA7AFD051E1}.Release|Any CPU.Build.0 = Release|Any CPU
		{80DF0263-B147-4126-B9EB-D0F5F66E724D}.Debug|Any CPU.ActiveCfg = Debug|Any CPU
		{80DF0263-B147-4126-B9EB-D0F5F66E724D}.Debug|Any CPU.Build.0 = Debug|Any CPU
		{80DF0263-B147-4126-B9EB-D0F5F66E724D}.Release|Any CPU.ActiveCfg = Release|Any CPU
		{80DF0263-B147-4126-B9EB-D0F5F66E724D}.Release|Any CPU.Build.0 = Release|Any CPU
		{8B266E44-AC75-4326-AE84-1D0966447E2B}.Debug|Any CPU.ActiveCfg = Debug|Any CPU
		{8B266E44-AC75-4326-AE84-1D0966447E2B}.Debug|Any CPU.Build.0 = Debug|Any CPU
		{8B266E44-AC75-4326-AE84-1D0966447E2B}.Release|Any CPU.ActiveCfg = Release|Any CPU
		{8B266E44-AC75-4326-AE84-1D0966447E2B}.Release|Any CPU.Build.0 = Release|Any CPU
		{4F64C4C9-6CF9-4D40-82D9-1E111F440175}.Debug|Any CPU.ActiveCfg = Debug|Any CPU
		{4F64C4C9-6CF9-4D40-82D9-1E111F440175}.Debug|Any CPU.Build.0 = Debug|Any CPU
		{4F64C4C9-6CF9-4D40-82D9-1E111F440175}.Release|Any CPU.ActiveCfg = Release|Any CPU
		{4F64C4C9-6CF9-4D40-82D9-1E111F440175}.Release|Any CPU.Build.0 = Release|Any CPU
	EndGlobalSection
	GlobalSection(NestedProjects) = preSolution
		{4F64C4C9-6CF9-4D40-82D9-1E111F440175} = {0C0CEDE4-B498-47D3-988C-E1A58EC62451}
		{8B266E44-AC75-4326-AE84-1D0966447E2B} = {8B266E44-AC75-4326-AE84-1D0966447E2B}
		{80DF0263-B147-4126-B9EB-D0F5F66E724D} = {0C0CEDE4-B498-47D3-988C-E1A58EC62451}
		{2D9D35A8-8458-4802-A20B-6FA7AFD051E1} = {0C0CEDE4-B498-47D3-988C-E1A58EC62451}
		{B9552A9D-2693-422E-A11E-B8A2E02C198D} = {0C0CEDE4-B498-47D3-988C-E1A58EC62451}
		{DDA4EB6F-F396-4DE1-A7DB-827516417428} = {BB7435FE-CA1A-445C-B067-4FFF5ECDAD10}
		{D924F5A8-0905-4FAE-AA57-5C23F9095FFB} = {BB7435FE-CA1A-445C-B067-4FFF5ECDAD10}
		{853963A0-81F7-44E3-A4DB-C7ED767F16B1} = {BB7435FE-CA1A-445C-B067-4FFF5ECDAD10}
		{07071CFA-B08E-4D5F-8861-08AF8C9B1F11} = {BB7435FE-CA1A-445C-B067-4FFF5ECDAD10}
		{9662FF6A-5F01-4B93-AEE4-FCF445C18ED3} = {8E1C4A73-8F6D-4378-BCC7-E38DA5AF1ED0}
		{115F333D-4EB4-442F-9A86-B4ACBF198BCA} = {8E1C4A73-8F6D-4378-BCC7-E38DA5AF1ED0}
		{52662F58-C2E6-45AC-926C-5F9DFBA4AD04} = {7EB8B97D-5946-45C0-B292-9859DC43BC74}
		{7C74DDE5-0ADD-4675-ACC9-58700A86798C} = {7EB8B97D-5946-45C0-B292-9859DC43BC74}
		{F15C791A-53DC-4089-A117-0751A500947F} = {7EB8B97D-5946-45C0-B292-9859DC43BC74}
		{BD0A53B0-AE40-4E7D-83AC-9691A6D5C5DF} = {7EB8B97D-5946-45C0-B292-9859DC43BC74}
		{4363DAD2-5E67-4516-9478-AEE3876F3500} = {7EB8B97D-5946-45C0-B292-9859DC43BC74}
		{F06ABB58-C18B-4EF1-8662-3F72F10CE39A} = {7EB8B97D-5946-45C0-B292-9859DC43BC74}
		{4973D8CF-7C0E-44FD-BDBA-7C3226300A28} = {C51697C1-C70B-4B72-9110-0BD1D296A167}
		{777B0843-826B-4E0C-A707-B2995DDB1DD0} = {C51697C1-C70B-4B72-9110-0BD1D296A167}
		{4186AEB8-408C-4584-A218-25D5E3049EA0} = {C51697C1-C70B-4B72-9110-0BD1D296A167}
		{C40AD833-237B-4234-864E-2D10DA8EABFC} = {F25490FC-14CB-49F3-850E-52312459152B}
	EndGlobalSection
EndGlobal
